// !$*UTF8*$!
{
	archiveVersion = 1;
	classes = {
	};
	objectVersion = 50;
	objects = {

/* Begin PBXBuildFile section */
		F75C12A9254C0F5A00D551EA /* AppDelegate.swift in Sources */ = {isa = PBXBuildFile; fileRef = F75C12A8254C0F5A00D551EA /* AppDelegate.swift */; };
		F75C12AB254C0F5A00D551EA /* SceneDelegate.swift in Sources */ = {isa = PBXBuildFile; fileRef = F75C12AA254C0F5A00D551EA /* SceneDelegate.swift */; };
		F75C12AD254C0F5A00D551EA /* ViewController.swift in Sources */ = {isa = PBXBuildFile; fileRef = F75C12AC254C0F5A00D551EA /* ViewController.swift */; };
		F75C12B0254C0F5A00D551EA /* Main.storyboard in Resources */ = {isa = PBXBuildFile; fileRef = F75C12AE254C0F5A00D551EA /* Main.storyboard */; };
		F75C12B2254C0F6500D551EA /* Assets.xcassets in Resources */ = {isa = PBXBuildFile; fileRef = F75C12B1254C0F6500D551EA /* Assets.xcassets */; };
		F75C12B5254C0F6500D551EA /* LaunchScreen.storyboard in Resources */ = {isa = PBXBuildFile; fileRef = F75C12B3254C0F6500D551EA /* LaunchScreen.storyboard */; };
		F75C12C0254C0F6500D551EA /* NimbleSurveyTests.swift in Sources */ = {isa = PBXBuildFile; fileRef = F75C12BF254C0F6500D551EA /* NimbleSurveyTests.swift */; };
		F75C12CB254C0F6500D551EA /* NimbleSurveyUITests.swift in Sources */ = {isa = PBXBuildFile; fileRef = F75C12CA254C0F6500D551EA /* NimbleSurveyUITests.swift */; };
/* End PBXBuildFile section */

/* Begin PBXContainerItemProxy section */
		F75C12BC254C0F6500D551EA /* PBXContainerItemProxy */ = {
			isa = PBXContainerItemProxy;
			containerPortal = F75C129D254C0F5A00D551EA /* Project object */;
			proxyType = 1;
			remoteGlobalIDString = F75C12A4254C0F5A00D551EA;
			remoteInfo = NimbleSurvey;
		};
		F75C12C7254C0F6500D551EA /* PBXContainerItemProxy */ = {
			isa = PBXContainerItemProxy;
			containerPortal = F75C129D254C0F5A00D551EA /* Project object */;
			proxyType = 1;
			remoteGlobalIDString = F75C12A4254C0F5A00D551EA;
			remoteInfo = NimbleSurvey;
		};
/* End PBXContainerItemProxy section */

/* Begin PBXFileReference section */
		F75C12A5254C0F5A00D551EA /* NimbleSurvey.app */ = {isa = PBXFileReference; explicitFileType = wrapper.application; includeInIndex = 0; path = NimbleSurvey.app; sourceTree = BUILT_PRODUCTS_DIR; };
		F75C12A8254C0F5A00D551EA /* AppDelegate.swift */ = {isa = PBXFileReference; lastKnownFileType = sourcecode.swift; path = AppDelegate.swift; sourceTree = "<group>"; };
		F75C12AA254C0F5A00D551EA /* SceneDelegate.swift */ = {isa = PBXFileReference; lastKnownFileType = sourcecode.swift; path = SceneDelegate.swift; sourceTree = "<group>"; };
		F75C12AC254C0F5A00D551EA /* ViewController.swift */ = {isa = PBXFileReference; lastKnownFileType = sourcecode.swift; path = ViewController.swift; sourceTree = "<group>"; };
		F75C12AF254C0F5A00D551EA /* Base */ = {isa = PBXFileReference; lastKnownFileType = file.storyboard; name = Base; path = Base.lproj/Main.storyboard; sourceTree = "<group>"; };
		F75C12B1254C0F6500D551EA /* Assets.xcassets */ = {isa = PBXFileReference; lastKnownFileType = folder.assetcatalog; path = Assets.xcassets; sourceTree = "<group>"; };
		F75C12B4254C0F6500D551EA /* Base */ = {isa = PBXFileReference; lastKnownFileType = file.storyboard; name = Base; path = Base.lproj/LaunchScreen.storyboard; sourceTree = "<group>"; };
		F75C12B6254C0F6500D551EA /* Info.plist */ = {isa = PBXFileReference; lastKnownFileType = text.plist.xml; path = Info.plist; sourceTree = "<group>"; };
		F75C12BB254C0F6500D551EA /* NimbleSurveyTests.xctest */ = {isa = PBXFileReference; explicitFileType = wrapper.cfbundle; includeInIndex = 0; path = NimbleSurveyTests.xctest; sourceTree = BUILT_PRODUCTS_DIR; };
		F75C12BF254C0F6500D551EA /* NimbleSurveyTests.swift */ = {isa = PBXFileReference; lastKnownFileType = sourcecode.swift; path = NimbleSurveyTests.swift; sourceTree = "<group>"; };
		F75C12C1254C0F6500D551EA /* Info.plist */ = {isa = PBXFileReference; lastKnownFileType = text.plist.xml; path = Info.plist; sourceTree = "<group>"; };
		F75C12C6254C0F6500D551EA /* NimbleSurveyUITests.xctest */ = {isa = PBXFileReference; explicitFileType = wrapper.cfbundle; includeInIndex = 0; path = NimbleSurveyUITests.xctest; sourceTree = BUILT_PRODUCTS_DIR; };
		F75C12CA254C0F6500D551EA /* NimbleSurveyUITests.swift */ = {isa = PBXFileReference; lastKnownFileType = sourcecode.swift; path = NimbleSurveyUITests.swift; sourceTree = "<group>"; };
		F75C12CC254C0F6500D551EA /* Info.plist */ = {isa = PBXFileReference; lastKnownFileType = text.plist.xml; path = Info.plist; sourceTree = "<group>"; };
/* End PBXFileReference section */

/* Begin PBXFrameworksBuildPhase section */
		F75C12A2254C0F5A00D551EA /* Frameworks */ = {
			isa = PBXFrameworksBuildPhase;
			buildActionMask = 2147483647;
			files = (
			);
			runOnlyForDeploymentPostprocessing = 0;
		};
		F75C12B8254C0F6500D551EA /* Frameworks */ = {
			isa = PBXFrameworksBuildPhase;
			buildActionMask = 2147483647;
			files = (
			);
			runOnlyForDeploymentPostprocessing = 0;
		};
		F75C12C3254C0F6500D551EA /* Frameworks */ = {
			isa = PBXFrameworksBuildPhase;
			buildActionMask = 2147483647;
			files = (
			);
			runOnlyForDeploymentPostprocessing = 0;
		};
/* End PBXFrameworksBuildPhase section */

/* Begin PBXGroup section */
		F75C129C254C0F5A00D551EA = {
			isa = PBXGroup;
			children = (
				F75C12A7254C0F5A00D551EA /* NimbleSurvey */,
				F75C12BE254C0F6500D551EA /* NimbleSurveyTests */,
				F75C12C9254C0F6500D551EA /* NimbleSurveyUITests */,
				F75C12A6254C0F5A00D551EA /* Products */,
			);
			sourceTree = "<group>";
		};
		F75C12A6254C0F5A00D551EA /* Products */ = {
			isa = PBXGroup;
			children = (
				F75C12A5254C0F5A00D551EA /* NimbleSurvey.app */,
				F75C12BB254C0F6500D551EA /* NimbleSurveyTests.xctest */,
				F75C12C6254C0F6500D551EA /* NimbleSurveyUITests.xctest */,
			);
			name = Products;
			sourceTree = "<group>";
		};
		F75C12A7254C0F5A00D551EA /* NimbleSurvey */ = {
			isa = PBXGroup;
			children = (
				F75C12A8254C0F5A00D551EA /* AppDelegate.swift */,
				F75C12AA254C0F5A00D551EA /* SceneDelegate.swift */,
				F75C12AC254C0F5A00D551EA /* ViewController.swift */,
				F75C12AE254C0F5A00D551EA /* Main.storyboard */,
				F75C12B1254C0F6500D551EA /* Assets.xcassets */,
				F75C12B3254C0F6500D551EA /* LaunchScreen.storyboard */,
				F75C12B6254C0F6500D551EA /* Info.plist */,
			);
			path = NimbleSurvey;
			sourceTree = "<group>";
		};
		F75C12BE254C0F6500D551EA /* NimbleSurveyTests */ = {
			isa = PBXGroup;
			children = (
				F75C12BF254C0F6500D551EA /* NimbleSurveyTests.swift */,
				F75C12C1254C0F6500D551EA /* Info.plist */,
			);
			path = NimbleSurveyTests;
			sourceTree = "<group>";
		};
		F75C12C9254C0F6500D551EA /* NimbleSurveyUITests */ = {
			isa = PBXGroup;
			children = (
				F75C12CA254C0F6500D551EA /* NimbleSurveyUITests.swift */,
				F75C12CC254C0F6500D551EA /* Info.plist */,
			);
			path = NimbleSurveyUITests;
			sourceTree = "<group>";
		};
/* End PBXGroup section */

/* Begin PBXNativeTarget section */
		F75C12A4254C0F5A00D551EA /* NimbleSurvey */ = {
			isa = PBXNativeTarget;
			buildConfigurationList = F75C12CF254C0F6500D551EA /* Build configuration list for PBXNativeTarget "NimbleSurvey" */;
			buildPhases = (
				F75C12A1254C0F5A00D551EA /* Sources */,
				F75C12A2254C0F5A00D551EA /* Frameworks */,
				F75C12A3254C0F5A00D551EA /* Resources */,
			);
			buildRules = (
			);
			dependencies = (
			);
			name = NimbleSurvey;
			productName = NimbleSurvey;
			productReference = F75C12A5254C0F5A00D551EA /* NimbleSurvey.app */;
			productType = "com.apple.product-type.application";
		};
		F75C12BA254C0F6500D551EA /* NimbleSurveyTests */ = {
			isa = PBXNativeTarget;
			buildConfigurationList = F75C12D2254C0F6500D551EA /* Build configuration list for PBXNativeTarget "NimbleSurveyTests" */;
			buildPhases = (
				F75C12B7254C0F6500D551EA /* Sources */,
				F75C12B8254C0F6500D551EA /* Frameworks */,
				F75C12B9254C0F6500D551EA /* Resources */,
			);
			buildRules = (
			);
			dependencies = (
				F75C12BD254C0F6500D551EA /* PBXTargetDependency */,
			);
			name = NimbleSurveyTests;
			productName = NimbleSurveyTests;
			productReference = F75C12BB254C0F6500D551EA /* NimbleSurveyTests.xctest */;
			productType = "com.apple.product-type.bundle.unit-test";
		};
		F75C12C5254C0F6500D551EA /* NimbleSurveyUITests */ = {
			isa = PBXNativeTarget;
			buildConfigurationList = F75C12D5254C0F6500D551EA /* Build configuration list for PBXNativeTarget "NimbleSurveyUITests" */;
			buildPhases = (
				F75C12C2254C0F6500D551EA /* Sources */,
				F75C12C3254C0F6500D551EA /* Frameworks */,
				F75C12C4254C0F6500D551EA /* Resources */,
			);
			buildRules = (
			);
			dependencies = (
				F75C12C8254C0F6500D551EA /* PBXTargetDependency */,
			);
			name = NimbleSurveyUITests;
			productName = NimbleSurveyUITests;
			productReference = F75C12C6254C0F6500D551EA /* NimbleSurveyUITests.xctest */;
			productType = "com.apple.product-type.bundle.ui-testing";
		};
/* End PBXNativeTarget section */

/* Begin PBXProject section */
		F75C129D254C0F5A00D551EA /* Project object */ = {
			isa = PBXProject;
			attributes = {
				LastSwiftUpdateCheck = 1210;
				LastUpgradeCheck = 1210;
				TargetAttributes = {
					F75C12A4254C0F5A00D551EA = {
						CreatedOnToolsVersion = 12.1;
					};
					F75C12BA254C0F6500D551EA = {
						CreatedOnToolsVersion = 12.1;
						TestTargetID = F75C12A4254C0F5A00D551EA;
					};
					F75C12C5254C0F6500D551EA = {
						CreatedOnToolsVersion = 12.1;
						TestTargetID = F75C12A4254C0F5A00D551EA;
					};
				};
			};
			buildConfigurationList = F75C12A0254C0F5A00D551EA /* Build configuration list for PBXProject "NimbleSurvey" */;
			compatibilityVersion = "Xcode 9.3";
			developmentRegion = en;
			hasScannedForEncodings = 0;
			knownRegions = (
				en,
				Base,
			);
			mainGroup = F75C129C254C0F5A00D551EA;
			productRefGroup = F75C12A6254C0F5A00D551EA /* Products */;
			projectDirPath = "";
			projectRoot = "";
			targets = (
				F75C12A4254C0F5A00D551EA /* NimbleSurvey */,
				F75C12BA254C0F6500D551EA /* NimbleSurveyTests */,
				F75C12C5254C0F6500D551EA /* NimbleSurveyUITests */,
			);
		};
/* End PBXProject section */

/* Begin PBXResourcesBuildPhase section */
		F75C12A3254C0F5A00D551EA /* Resources */ = {
			isa = PBXResourcesBuildPhase;
			buildActionMask = 2147483647;
			files = (
				F75C12B5254C0F6500D551EA /* LaunchScreen.storyboard in Resources */,
				F75C12B2254C0F6500D551EA /* Assets.xcassets in Resources */,
				F75C12B0254C0F5A00D551EA /* Main.storyboard in Resources */,
			);
			runOnlyForDeploymentPostprocessing = 0;
		};
		F75C12B9254C0F6500D551EA /* Resources */ = {
			isa = PBXResourcesBuildPhase;
			buildActionMask = 2147483647;
			files = (
			);
			runOnlyForDeploymentPostprocessing = 0;
		};
		F75C12C4254C0F6500D551EA /* Resources */ = {
			isa = PBXResourcesBuildPhase;
			buildActionMask = 2147483647;
			files = (
			);
			runOnlyForDeploymentPostprocessing = 0;
		};
/* End PBXResourcesBuildPhase section */

/* Begin PBXSourcesBuildPhase section */
		F75C12A1254C0F5A00D551EA /* Sources */ = {
			isa = PBXSourcesBuildPhase;
			buildActionMask = 2147483647;
			files = (
				F75C12AD254C0F5A00D551EA /* ViewController.swift in Sources */,
				F75C12A9254C0F5A00D551EA /* AppDelegate.swift in Sources */,
				F75C12AB254C0F5A00D551EA /* SceneDelegate.swift in Sources */,
			);
			runOnlyForDeploymentPostprocessing = 0;
		};
		F75C12B7254C0F6500D551EA /* Sources */ = {
			isa = PBXSourcesBuildPhase;
			buildActionMask = 2147483647;
			files = (
				F75C12C0254C0F6500D551EA /* NimbleSurveyTests.swift in Sources */,
			);
			runOnlyForDeploymentPostprocessing = 0;
		};
		F75C12C2254C0F6500D551EA /* Sources */ = {
			isa = PBXSourcesBuildPhase;
			buildActionMask = 2147483647;
			files = (
				F75C12CB254C0F6500D551EA /* NimbleSurveyUITests.swift in Sources */,
			);
			runOnlyForDeploymentPostprocessing = 0;
		};
/* End PBXSourcesBuildPhase section */

/* Begin PBXTargetDependency section */
		F75C12BD254C0F6500D551EA /* PBXTargetDependency */ = {
			isa = PBXTargetDependency;
			target = F75C12A4254C0F5A00D551EA /* NimbleSurvey */;
			targetProxy = F75C12BC254C0F6500D551EA /* PBXContainerItemProxy */;
		};
		F75C12C8254C0F6500D551EA /* PBXTargetDependency */ = {
			isa = PBXTargetDependency;
			target = F75C12A4254C0F5A00D551EA /* NimbleSurvey */;
			targetProxy = F75C12C7254C0F6500D551EA /* PBXContainerItemProxy */;
		};
/* End PBXTargetDependency section */

/* Begin PBXVariantGroup section */
		F75C12AE254C0F5A00D551EA /* Main.storyboard */ = {
			isa = PBXVariantGroup;
			children = (
				F75C12AF254C0F5A00D551EA /* Base */,
			);
			name = Main.storyboard;
			sourceTree = "<group>";
		};
		F75C12B3254C0F6500D551EA /* LaunchScreen.storyboard */ = {
			isa = PBXVariantGroup;
			children = (
				F75C12B4254C0F6500D551EA /* Base */,
			);
			name = LaunchScreen.storyboard;
			sourceTree = "<group>";
		};
/* End PBXVariantGroup section */

/* Begin XCBuildConfiguration section */
		F75C12CD254C0F6500D551EA /* Debug */ = {
			isa = XCBuildConfiguration;
			buildSettings = {
				ALWAYS_SEARCH_USER_PATHS = NO;
				CLANG_ANALYZER_NONNULL = YES;
				CLANG_ANALYZER_NUMBER_OBJECT_CONVERSION = YES_AGGRESSIVE;
				CLANG_CXX_LANGUAGE_STANDARD = "gnu++14";
				CLANG_CXX_LIBRARY = "libc++";
				CLANG_ENABLE_MODULES = YES;
				CLANG_ENABLE_OBJC_ARC = YES;
				CLANG_ENABLE_OBJC_WEAK = YES;
				CLANG_WARN_BLOCK_CAPTURE_AUTORELEASING = YES;
				CLANG_WARN_BOOL_CONVERSION = YES;
				CLANG_WARN_COMMA = YES;
				CLANG_WARN_CONSTANT_CONVERSION = YES;
				CLANG_WARN_DEPRECATED_OBJC_IMPLEMENTATIONS = YES;
				CLANG_WARN_DIRECT_OBJC_ISA_USAGE = YES_ERROR;
				CLANG_WARN_DOCUMENTATION_COMMENTS = YES;
				CLANG_WARN_EMPTY_BODY = YES;
				CLANG_WARN_ENUM_CONVERSION = YES;
				CLANG_WARN_INFINITE_RECURSION = YES;
				CLANG_WARN_INT_CONVERSION = YES;
				CLANG_WARN_NON_LITERAL_NULL_CONVERSION = YES;
				CLANG_WARN_OBJC_IMPLICIT_RETAIN_SELF = YES;
				CLANG_WARN_OBJC_LITERAL_CONVERSION = YES;
				CLANG_WARN_OBJC_ROOT_CLASS = YES_ERROR;
				CLANG_WARN_QUOTED_INCLUDE_IN_FRAMEWORK_HEADER = YES;
				CLANG_WARN_RANGE_LOOP_ANALYSIS = YES;
				CLANG_WARN_STRICT_PROTOTYPES = YES;
				CLANG_WARN_SUSPICIOUS_MOVE = YES;
				CLANG_WARN_UNGUARDED_AVAILABILITY = YES_AGGRESSIVE;
				CLANG_WARN_UNREACHABLE_CODE = YES;
				CLANG_WARN__DUPLICATE_METHOD_MATCH = YES;
				COPY_PHASE_STRIP = NO;
				DEBUG_INFORMATION_FORMAT = dwarf;
				ENABLE_STRICT_OBJC_MSGSEND = YES;
				ENABLE_TESTABILITY = YES;
				GCC_C_LANGUAGE_STANDARD = gnu11;
				GCC_DYNAMIC_NO_PIC = NO;
				GCC_NO_COMMON_BLOCKS = YES;
				GCC_OPTIMIZATION_LEVEL = 0;
				GCC_PREPROCESSOR_DEFINITIONS = (
					"DEBUG=1",
					"$(inherited)",
				);
				GCC_WARN_64_TO_32_BIT_CONVERSION = YES;
				GCC_WARN_ABOUT_RETURN_TYPE = YES_ERROR;
				GCC_WARN_UNDECLARED_SELECTOR = YES;
				GCC_WARN_UNINITIALIZED_AUTOS = YES_AGGRESSIVE;
				GCC_WARN_UNUSED_FUNCTION = YES;
				GCC_WARN_UNUSED_VARIABLE = YES;
				IPHONEOS_DEPLOYMENT_TARGET = 14.1;
				MTL_ENABLE_DEBUG_INFO = INCLUDE_SOURCE;
				MTL_FAST_MATH = YES;
				ONLY_ACTIVE_ARCH = YES;
				SDKROOT = iphoneos;
				SWIFT_ACTIVE_COMPILATION_CONDITIONS = DEBUG;
				SWIFT_OPTIMIZATION_LEVEL = "-Onone";
			};
			name = Debug;
		};
		F75C12CE254C0F6500D551EA /* Release */ = {
			isa = XCBuildConfiguration;
			buildSettings = {
				ALWAYS_SEARCH_USER_PATHS = NO;
				CLANG_ANALYZER_NONNULL = YES;
				CLANG_ANALYZER_NUMBER_OBJECT_CONVERSION = YES_AGGRESSIVE;
				CLANG_CXX_LANGUAGE_STANDARD = "gnu++14";
				CLANG_CXX_LIBRARY = "libc++";
				CLANG_ENABLE_MODULES = YES;
				CLANG_ENABLE_OBJC_ARC = YES;
				CLANG_ENABLE_OBJC_WEAK = YES;
				CLANG_WARN_BLOCK_CAPTURE_AUTORELEASING = YES;
				CLANG_WARN_BOOL_CONVERSION = YES;
				CLANG_WARN_COMMA = YES;
				CLANG_WARN_CONSTANT_CONVERSION = YES;
				CLANG_WARN_DEPRECATED_OBJC_IMPLEMENTATIONS = YES;
				CLANG_WARN_DIRECT_OBJC_ISA_USAGE = YES_ERROR;
				CLANG_WARN_DOCUMENTATION_COMMENTS = YES;
				CLANG_WARN_EMPTY_BODY = YES;
				CLANG_WARN_ENUM_CONVERSION = YES;
				CLANG_WARN_INFINITE_RECURSION = YES;
				CLANG_WARN_INT_CONVERSION = YES;
				CLANG_WARN_NON_LITERAL_NULL_CONVERSION = YES;
				CLANG_WARN_OBJC_IMPLICIT_RETAIN_SELF = YES;
				CLANG_WARN_OBJC_LITERAL_CONVERSION = YES;
				CLANG_WARN_OBJC_ROOT_CLASS = YES_ERROR;
				CLANG_WARN_QUOTED_INCLUDE_IN_FRAMEWORK_HEADER = YES;
				CLANG_WARN_RANGE_LOOP_ANALYSIS = YES;
				CLANG_WARN_STRICT_PROTOTYPES = YES;
				CLANG_WARN_SUSPICIOUS_MOVE = YES;
				CLANG_WARN_UNGUARDED_AVAILABILITY = YES_AGGRESSIVE;
				CLANG_WARN_UNREACHABLE_CODE = YES;
				CLANG_WARN__DUPLICATE_METHOD_MATCH = YES;
				COPY_PHASE_STRIP = NO;
				DEBUG_INFORMATION_FORMAT = "dwarf-with-dsym";
				ENABLE_NS_ASSERTIONS = NO;
				ENABLE_STRICT_OBJC_MSGSEND = YES;
				GCC_C_LANGUAGE_STANDARD = gnu11;
				GCC_NO_COMMON_BLOCKS = YES;
				GCC_WARN_64_TO_32_BIT_CONVERSION = YES;
				GCC_WARN_ABOUT_RETURN_TYPE = YES_ERROR;
				GCC_WARN_UNDECLARED_SELECTOR = YES;
				GCC_WARN_UNINITIALIZED_AUTOS = YES_AGGRESSIVE;
				GCC_WARN_UNUSED_FUNCTION = YES;
				GCC_WARN_UNUSED_VARIABLE = YES;
				IPHONEOS_DEPLOYMENT_TARGET = 14.1;
				MTL_ENABLE_DEBUG_INFO = NO;
				MTL_FAST_MATH = YES;
				SDKROOT = iphoneos;
				SWIFT_COMPILATION_MODE = wholemodule;
				SWIFT_OPTIMIZATION_LEVEL = "-O";
				VALIDATE_PRODUCT = YES;
			};
			name = Release;
		};
		F75C12D0254C0F6500D551EA /* Debug */ = {
			isa = XCBuildConfiguration;
			buildSettings = {
				ASSETCATALOG_COMPILER_APPICON_NAME = AppIcon;
				ASSETCATALOG_COMPILER_GLOBAL_ACCENT_COLOR_NAME = AccentColor;
				CODE_SIGN_STYLE = Automatic;
				DEVELOPMENT_TEAM = K9KN8EQ6H2;
				INFOPLIST_FILE = NimbleSurvey/Info.plist;
				LD_RUNPATH_SEARCH_PATHS = (
					"$(inherited)",
					"@executable_path/Frameworks",
				);
				PRODUCT_BUNDLE_IDENTIFIER = com.nguyenchau.NimbleSurvey;
				PRODUCT_NAME = "$(TARGET_NAME)";
				SWIFT_VERSION = 5.0;
				TARGETED_DEVICE_FAMILY = "1,2";
			};
			name = Debug;
		};
		F75C12D1254C0F6500D551EA /* Release */ = {
			isa = XCBuildConfiguration;
			buildSettings = {
				ASSETCATALOG_COMPILER_APPICON_NAME = AppIcon;
				ASSETCATALOG_COMPILER_GLOBAL_ACCENT_COLOR_NAME = AccentColor;
				CODE_SIGN_STYLE = Automatic;
				DEVELOPMENT_TEAM = K9KN8EQ6H2;
				INFOPLIST_FILE = NimbleSurvey/Info.plist;
				LD_RUNPATH_SEARCH_PATHS = (
					"$(inherited)",
					"@executable_path/Frameworks",
				);
				PRODUCT_BUNDLE_IDENTIFIER = com.nguyenchau.NimbleSurvey;
				PRODUCT_NAME = "$(TARGET_NAME)";
				SWIFT_VERSION = 5.0;
				TARGETED_DEVICE_FAMILY = "1,2";
			};
			name = Release;
		};
		F75C12D3254C0F6500D551EA /* Debug */ = {
			isa = XCBuildConfiguration;
			buildSettings = {
				ALWAYS_EMBED_SWIFT_STANDARD_LIBRARIES = YES;
				BUNDLE_LOADER = "$(TEST_HOST)";
				CODE_SIGN_STYLE = Automatic;
				DEVELOPMENT_TEAM = K9KN8EQ6H2;
				INFOPLIST_FILE = NimbleSurveyTests/Info.plist;
				IPHONEOS_DEPLOYMENT_TARGET = 14.1;
				LD_RUNPATH_SEARCH_PATHS = (
					"$(inherited)",
					"@executable_path/Frameworks",
					"@loader_path/Frameworks",
				);
				PRODUCT_BUNDLE_IDENTIFIER = com.nguyenchau.NimbleSurveyTests;
				PRODUCT_NAME = "$(TARGET_NAME)";
				SWIFT_VERSION = 5.0;
				TARGETED_DEVICE_FAMILY = "1,2";
				TEST_HOST = "$(BUILT_PRODUCTS_DIR)/NimbleSurvey.app/NimbleSurvey";
			};
			name = Debug;
		};
		F75C12D4254C0F6500D551EA /* Release */ = {
			isa = XCBuildConfiguration;
			buildSettings = {
				ALWAYS_EMBED_SWIFT_STANDARD_LIBRARIES = YES;
				BUNDLE_LOADER = "$(TEST_HOST)";
				CODE_SIGN_STYLE = Automatic;
				DEVELOPMENT_TEAM = K9KN8EQ6H2;
				INFOPLIST_FILE = NimbleSurveyTests/Info.plist;
				IPHONEOS_DEPLOYMENT_TARGET = 14.1;
				LD_RUNPATH_SEARCH_PATHS = (
					"$(inherited)",
					"@executable_path/Frameworks",
					"@loader_path/Frameworks",
				);
				PRODUCT_BUNDLE_IDENTIFIER = com.nguyenchau.NimbleSurveyTests;
				PRODUCT_NAME = "$(TARGET_NAME)";
				SWIFT_VERSION = 5.0;
				TARGETED_DEVICE_FAMILY = "1,2";
				TEST_HOST = "$(BUILT_PRODUCTS_DIR)/NimbleSurvey.app/NimbleSurvey";
			};
			name = Release;
		};
		F75C12D6254C0F6500D551EA /* Debug */ = {
			isa = XCBuildConfiguration;
			buildSettings = {
				ALWAYS_EMBED_SWIFT_STANDARD_LIBRARIES = YES;
				CODE_SIGN_STYLE = Automatic;
				DEVELOPMENT_TEAM = K9KN8EQ6H2;
				INFOPLIST_FILE = NimbleSurveyUITests/Info.plist;
				LD_RUNPATH_SEARCH_PATHS = (
					"$(inherited)",
					"@executable_path/Frameworks",
					"@loader_path/Frameworks",
				);
				PRODUCT_BUNDLE_IDENTIFIER = com.nguyenchau.NimbleSurveyUITests;
				PRODUCT_NAME = "$(TARGET_NAME)";
				SWIFT_VERSION = 5.0;
				TARGETED_DEVICE_FAMILY = "1,2";
				TEST_TARGET_NAME = NimbleSurvey;
			};
			name = Debug;
		};
		F75C12D7254C0F6500D551EA /* Release */ = {
			isa = XCBuildConfiguration;
			buildSettings = {
				ALWAYS_EMBED_SWIFT_STANDARD_LIBRARIES = YES;
				CODE_SIGN_STYLE = Automatic;
				DEVELOPMENT_TEAM = K9KN8EQ6H2;
				INFOPLIST_FILE = NimbleSurveyUITests/Info.plist;
				LD_RUNPATH_SEARCH_PATHS = (
					"$(inherited)",
					"@executable_path/Frameworks",
					"@loader_path/Frameworks",
				);
				PRODUCT_BUNDLE_IDENTIFIER = com.nguyenchau.NimbleSurveyUITests;
				PRODUCT_NAME = "$(TARGET_NAME)";
				SWIFT_VERSION = 5.0;
				TARGETED_DEVICE_FAMILY = "1,2";
				TEST_TARGET_NAME = NimbleSurvey;
			};
			name = Release;
		};
/* End XCBuildConfiguration section */

/* Begin XCConfigurationList section */
		F75C12A0254C0F5A00D551EA /* Build configuration list for PBXProject "NimbleSurvey" */ = {
			isa = XCConfigurationList;
			buildConfigurations = (
				F75C12CD254C0F6500D551EA /* Debug */,
				F75C12CE254C0F6500D551EA /* Release */,
			);
			defaultConfigurationIsVisible = 0;
			defaultConfigurationName = Release;
		};
		F75C12CF254C0F6500D551EA /* Build configuration list for PBXNativeTarget "NimbleSurvey" */ = {
			isa = XCConfigurationList;
			buildConfigurations = (
				F75C12D0254C0F6500D551EA /* Debug */,
				F75C12D1254C0F6500D551EA /* Release */,
			);
			defaultConfigurationIsVisible = 0;
			defaultConfigurationName = Release;
		};
		F75C12D2254C0F6500D551EA /* Build configuration list for PBXNativeTarget "NimbleSurveyTests" */ = {
			isa = XCConfigurationList;
			buildConfigurations = (
				F75C12D3254C0F6500D551EA /* Debug */,
				F75C12D4254C0F6500D551EA /* Release */,
			);
			defaultConfigurationIsVisible = 0;
			defaultConfigurationName = Release;
		};
		F75C12D5254C0F6500D551EA /* Build configuration list for PBXNativeTarget "NimbleSurveyUITests" */ = {
			isa = XCConfigurationList;
			buildConfigurations = (
				F75C12D6254C0F6500D551EA /* Debug */,
				F75C12D7254C0F6500D551EA /* Release */,
			);
			defaultConfigurationIsVisible = 0;
			defaultConfigurationName = Release;
		};
/* End XCConfigurationList section */
	};
	rootObject = F75C129D254C0F5A00D551EA /* Project object */;
}
